// !$*UTF8*$!
{
	archiveVersion = 1;
	classes = {
	};
	objectVersion = 50;
	objects = {

/* Begin PBXBuildFile section */
		83405A8822502AEF004E28F4 /* FadeEnabledBt.swift in Sources */ = {isa = PBXBuildFile; fileRef = 83405A8722502AEF004E28F4 /* FadeEnabledBt.swift */; };
		83405A8A2250CECE004E28F4 /* HomeworldVC.swift in Sources */ = {isa = PBXBuildFile; fileRef = 83405A892250CECE004E28F4 /* HomeworldVC.swift */; };
		83405A8C2250CEF4004E28F4 /* VehiclesVC.swift in Sources */ = {isa = PBXBuildFile; fileRef = 83405A8B2250CEF4004E28F4 /* VehiclesVC.swift */; };
		83405A8E2250CF10004E28F4 /* StarshipsVC.swift in Sources */ = {isa = PBXBuildFile; fileRef = 83405A8D2250CF10004E28F4 /* StarshipsVC.swift */; };
		83405A902250CF29004E28F4 /* FilmsVC.swift in Sources */ = {isa = PBXBuildFile; fileRef = 83405A8F2250CF29004E28F4 /* FilmsVC.swift */; };
		83420A422255335C0065DE7F /* Homeworld.swift in Sources */ = {isa = PBXBuildFile; fileRef = 83420A412255335C0065DE7F /* Homeworld.swift */; };
		83420A442255349D0065DE7F /* HomeworldApi.swift in Sources */ = {isa = PBXBuildFile; fileRef = 83420A432255349D0065DE7F /* HomeworldApi.swift */; };
		83420A4622565A220065DE7F /* Vehicle.swift in Sources */ = {isa = PBXBuildFile; fileRef = 83420A4522565A220065DE7F /* Vehicle.swift */; };
		83420A482256655B0065DE7F /* VehiclesApi.swift in Sources */ = {isa = PBXBuildFile; fileRef = 83420A472256655B0065DE7F /* VehiclesApi.swift */; };
		83420A4A22567AE90065DE7F /* Starship.swift in Sources */ = {isa = PBXBuildFile; fileRef = 83420A4922567AE90065DE7F /* Starship.swift */; };
		83420A4C22567D380065DE7F /* StarshipsApi.swift in Sources */ = {isa = PBXBuildFile; fileRef = 83420A4B22567D380065DE7F /* StarshipsApi.swift */; };
		83420A4E225687470065DE7F /* Film.swift in Sources */ = {isa = PBXBuildFile; fileRef = 83420A4D225687470065DE7F /* Film.swift */; };
		83420A5022568C430065DE7F /* FilmApi.swift in Sources */ = {isa = PBXBuildFile; fileRef = 83420A4F22568C430065DE7F /* FilmApi.swift */; };
		83A960002246CAB5009EC2C5 /* AppDelegate.swift in Sources */ = {isa = PBXBuildFile; fileRef = 83A95FFF2246CAB5009EC2C5 /* AppDelegate.swift */; };
		83A960022246CAB5009EC2C5 /* SelectPersonVC.swift in Sources */ = {isa = PBXBuildFile; fileRef = 83A960012246CAB5009EC2C5 /* SelectPersonVC.swift */; };
		83A960052246CAB5009EC2C5 /* Main.storyboard in Resources */ = {isa = PBXBuildFile; fileRef = 83A960032246CAB5009EC2C5 /* Main.storyboard */; };
		83A960072246CAB6009EC2C5 /* Assets.xcassets in Resources */ = {isa = PBXBuildFile; fileRef = 83A960062246CAB6009EC2C5 /* Assets.xcassets */; };
		83A9600A2246CAB6009EC2C5 /* LaunchScreen.storyboard in Resources */ = {isa = PBXBuildFile; fileRef = 83A960082246CAB6009EC2C5 /* LaunchScreen.storyboard */; };
		83A960202246E92F009EC2C5 /* BlackBgView.swift in Sources */ = {isa = PBXBuildFile; fileRef = 83A9601F2246E92F009EC2C5 /* BlackBgView.swift */; };
		83A960232246EB7A009EC2C5 /* Constants.swift in Sources */ = {isa = PBXBuildFile; fileRef = 83A960222246EB7A009EC2C5 /* Constants.swift */; };
		83A960262247F925009EC2C5 /* PersonApi.swift in Sources */ = {isa = PBXBuildFile; fileRef = 83A960252247F925009EC2C5 /* PersonApi.swift */; };
		83A9602822480851009EC2C5 /* Person.swift in Sources */ = {isa = PBXBuildFile; fileRef = 83A9602722480851009EC2C5 /* Person.swift */; };
		83F84309224AB87400BB56DF /* Starjedi.ttf in Resources */ = {isa = PBXBuildFile; fileRef = 83A960182246DD56009EC2C5 /* Starjedi.ttf */; };
		83F8430A224AB87700BB56DF /* Starjhol.ttf in Resources */ = {isa = PBXBuildFile; fileRef = 83A9601A2246DD56009EC2C5 /* Starjhol.ttf */; };
		83F8430B224AB87A00BB56DF /* Starjout.ttf in Resources */ = {isa = PBXBuildFile; fileRef = 83A960192246DD56009EC2C5 /* Starjout.ttf */; };
		FC08029827EE4E50DA21B9DC /* Pods_StarTrivia.framework in Frameworks */ = {isa = PBXBuildFile; fileRef = 41EC6BDAD5B55EE2710751DC /* Pods_StarTrivia.framework */; };
/* End PBXBuildFile section */

/* Begin PBXFileReference section */
		0BC36DC8184A5B605021C710 /* Pods-StarTrivia.debug.xcconfig */ = {isa = PBXFileReference; includeInIndex = 1; lastKnownFileType = text.xcconfig; name = "Pods-StarTrivia.debug.xcconfig"; path = "Pods/Target Support Files/Pods-StarTrivia/Pods-StarTrivia.debug.xcconfig"; sourceTree = "<group>"; };
		41EC6BDAD5B55EE2710751DC /* Pods_StarTrivia.framework */ = {isa = PBXFileReference; explicitFileType = wrapper.framework; includeInIndex = 0; path = Pods_StarTrivia.framework; sourceTree = BUILT_PRODUCTS_DIR; };
		83405A8722502AEF004E28F4 /* FadeEnabledBt.swift */ = {isa = PBXFileReference; lastKnownFileType = sourcecode.swift; path = FadeEnabledBt.swift; sourceTree = "<group>"; };
		83405A892250CECE004E28F4 /* HomeworldVC.swift */ = {isa = PBXFileReference; lastKnownFileType = sourcecode.swift; path = HomeworldVC.swift; sourceTree = "<group>"; };
		83405A8B2250CEF4004E28F4 /* VehiclesVC.swift */ = {isa = PBXFileReference; lastKnownFileType = sourcecode.swift; path = VehiclesVC.swift; sourceTree = "<group>"; };
		83405A8D2250CF10004E28F4 /* StarshipsVC.swift */ = {isa = PBXFileReference; lastKnownFileType = sourcecode.swift; path = StarshipsVC.swift; sourceTree = "<group>"; };
		83405A8F2250CF29004E28F4 /* FilmsVC.swift */ = {isa = PBXFileReference; lastKnownFileType = sourcecode.swift; path = FilmsVC.swift; sourceTree = "<group>"; };
		83420A412255335C0065DE7F /* Homeworld.swift */ = {isa = PBXFileReference; lastKnownFileType = sourcecode.swift; path = Homeworld.swift; sourceTree = "<group>"; };
		83420A432255349D0065DE7F /* HomeworldApi.swift */ = {isa = PBXFileReference; lastKnownFileType = sourcecode.swift; path = HomeworldApi.swift; sourceTree = "<group>"; };
		83420A4522565A220065DE7F /* Vehicle.swift */ = {isa = PBXFileReference; lastKnownFileType = sourcecode.swift; path = Vehicle.swift; sourceTree = "<group>"; };
		83420A472256655B0065DE7F /* VehiclesApi.swift */ = {isa = PBXFileReference; lastKnownFileType = sourcecode.swift; path = VehiclesApi.swift; sourceTree = "<group>"; };
		83420A4922567AE90065DE7F /* Starship.swift */ = {isa = PBXFileReference; lastKnownFileType = sourcecode.swift; path = Starship.swift; sourceTree = "<group>"; };
		83420A4B22567D380065DE7F /* StarshipsApi.swift */ = {isa = PBXFileReference; lastKnownFileType = sourcecode.swift; path = StarshipsApi.swift; sourceTree = "<group>"; };
		83420A4D225687470065DE7F /* Film.swift */ = {isa = PBXFileReference; lastKnownFileType = sourcecode.swift; path = Film.swift; sourceTree = "<group>"; };
		83420A4F22568C430065DE7F /* FilmApi.swift */ = {isa = PBXFileReference; lastKnownFileType = sourcecode.swift; path = FilmApi.swift; sourceTree = "<group>"; };
		83A95FFC2246CAB5009EC2C5 /* StarTrivia.app */ = {isa = PBXFileReference; explicitFileType = wrapper.application; includeInIndex = 0; path = StarTrivia.app; sourceTree = BUILT_PRODUCTS_DIR; };
		83A95FFF2246CAB5009EC2C5 /* AppDelegate.swift */ = {isa = PBXFileReference; lastKnownFileType = sourcecode.swift; path = AppDelegate.swift; sourceTree = "<group>"; };
		83A960012246CAB5009EC2C5 /* SelectPersonVC.swift */ = {isa = PBXFileReference; lastKnownFileType = sourcecode.swift; path = SelectPersonVC.swift; sourceTree = "<group>"; };
		83A960042246CAB5009EC2C5 /* Base */ = {isa = PBXFileReference; lastKnownFileType = file.storyboard; name = Base; path = Base.lproj/Main.storyboard; sourceTree = "<group>"; };
		83A960062246CAB6009EC2C5 /* Assets.xcassets */ = {isa = PBXFileReference; lastKnownFileType = folder.assetcatalog; path = Assets.xcassets; sourceTree = "<group>"; };
		83A960092246CAB6009EC2C5 /* Base */ = {isa = PBXFileReference; lastKnownFileType = file.storyboard; name = Base; path = Base.lproj/LaunchScreen.storyboard; sourceTree = "<group>"; };
		83A9600B2246CAB6009EC2C5 /* Info.plist */ = {isa = PBXFileReference; lastKnownFileType = text.plist.xml; path = Info.plist; sourceTree = "<group>"; };
		83A960182246DD56009EC2C5 /* Starjedi.ttf */ = {isa = PBXFileReference; lastKnownFileType = file; path = Starjedi.ttf; sourceTree = "<group>"; };
		83A960192246DD56009EC2C5 /* Starjout.ttf */ = {isa = PBXFileReference; lastKnownFileType = file; path = Starjout.ttf; sourceTree = "<group>"; };
		83A9601A2246DD56009EC2C5 /* Starjhol.ttf */ = {isa = PBXFileReference; lastKnownFileType = file; path = Starjhol.ttf; sourceTree = "<group>"; };
		83A9601F2246E92F009EC2C5 /* BlackBgView.swift */ = {isa = PBXFileReference; lastKnownFileType = sourcecode.swift; path = BlackBgView.swift; sourceTree = "<group>"; };
		83A960222246EB7A009EC2C5 /* Constants.swift */ = {isa = PBXFileReference; lastKnownFileType = sourcecode.swift; path = Constants.swift; sourceTree = "<group>"; };
		83A960252247F925009EC2C5 /* PersonApi.swift */ = {isa = PBXFileReference; lastKnownFileType = sourcecode.swift; path = PersonApi.swift; sourceTree = "<group>"; };
		83A9602722480851009EC2C5 /* Person.swift */ = {isa = PBXFileReference; lastKnownFileType = sourcecode.swift; path = Person.swift; sourceTree = "<group>"; };
		DAB102096CFE1B240B1A4A3E /* Pods-StarTrivia.release.xcconfig */ = {isa = PBXFileReference; includeInIndex = 1; lastKnownFileType = text.xcconfig; name = "Pods-StarTrivia.release.xcconfig"; path = "Pods/Target Support Files/Pods-StarTrivia/Pods-StarTrivia.release.xcconfig"; sourceTree = "<group>"; };
/* End PBXFileReference section */

/* Begin PBXFrameworksBuildPhase section */
		83A95FF92246CAB5009EC2C5 /* Frameworks */ = {
			isa = PBXFrameworksBuildPhase;
			buildActionMask = 2147483647;
			files = (
				FC08029827EE4E50DA21B9DC /* Pods_StarTrivia.framework in Frameworks */,
			);
			runOnlyForDeploymentPostprocessing = 0;
		};
/* End PBXFrameworksBuildPhase section */

/* Begin PBXGroup section */
		136725D0652642AFB553DF38 /* Pods */ = {
			isa = PBXGroup;
			children = (
				0BC36DC8184A5B605021C710 /* Pods-StarTrivia.debug.xcconfig */,
				DAB102096CFE1B240B1A4A3E /* Pods-StarTrivia.release.xcconfig */,
			);
			name = Pods;
			sourceTree = "<group>";
		};
		83A95FF32246CAB4009EC2C5 = {
			isa = PBXGroup;
			children = (
				83A95FFE2246CAB5009EC2C5 /* StarTrivia */,
				83A95FFD2246CAB5009EC2C5 /* Products */,
				136725D0652642AFB553DF38 /* Pods */,
				ADD98FF505D533D62CA462E7 /* Frameworks */,
			);
			sourceTree = "<group>";
		};
		83A95FFD2246CAB5009EC2C5 /* Products */ = {
			isa = PBXGroup;
			children = (
				83A95FFC2246CAB5009EC2C5 /* StarTrivia.app */,
			);
			name = Products;
			sourceTree = "<group>";
		};
		83A95FFE2246CAB5009EC2C5 /* StarTrivia */ = {
			isa = PBXGroup;
			children = (
				83A9601E2246DDAC009EC2C5 /* Model */,
				83A9601C2246DD99009EC2C5 /* Controller */,
				83A9601D2246DDA5009EC2C5 /* View */,
				83A95FFF2246CAB5009EC2C5 /* AppDelegate.swift */,
				83A960242247F906009EC2C5 /* Services */,
				83A960212246EB67009EC2C5 /* Utils */,
				83A9601B2246DD6E009EC2C5 /* Resources */,
				83A960032246CAB5009EC2C5 /* Main.storyboard */,
				83A960062246CAB6009EC2C5 /* Assets.xcassets */,
				83A960082246CAB6009EC2C5 /* LaunchScreen.storyboard */,
				83A9600B2246CAB6009EC2C5 /* Info.plist */,
			);
			path = StarTrivia;
			sourceTree = "<group>";
		};
		83A960172246DD43009EC2C5 /* Fonts */ = {
			isa = PBXGroup;
			children = (
				83A960182246DD56009EC2C5 /* Starjedi.ttf */,
				83A9601A2246DD56009EC2C5 /* Starjhol.ttf */,
				83A960192246DD56009EC2C5 /* Starjout.ttf */,
			);
			path = Fonts;
			sourceTree = "<group>";
		};
		83A9601B2246DD6E009EC2C5 /* Resources */ = {
			isa = PBXGroup;
			children = (
				83A960172246DD43009EC2C5 /* Fonts */,
			);
			path = Resources;
			sourceTree = "<group>";
		};
		83A9601C2246DD99009EC2C5 /* Controller */ = {
			isa = PBXGroup;
			children = (
				83A960012246CAB5009EC2C5 /* SelectPersonVC.swift */,
				83405A892250CECE004E28F4 /* HomeworldVC.swift */,
				83405A8B2250CEF4004E28F4 /* VehiclesVC.swift */,
				83405A8D2250CF10004E28F4 /* StarshipsVC.swift */,
				83405A8F2250CF29004E28F4 /* FilmsVC.swift */,
			);
			path = Controller;
			sourceTree = "<group>";
		};
		83A9601D2246DDA5009EC2C5 /* View */ = {
			isa = PBXGroup;
			children = (
				83A9601F2246E92F009EC2C5 /* BlackBgView.swift */,
				83405A8722502AEF004E28F4 /* FadeEnabledBt.swift */,
			);
			path = View;
			sourceTree = "<group>";
		};
		83A9601E2246DDAC009EC2C5 /* Model */ = {
			isa = PBXGroup;
			children = (
				83A9602722480851009EC2C5 /* Person.swift */,
				83420A412255335C0065DE7F /* Homeworld.swift */,
				83420A4522565A220065DE7F /* Vehicle.swift */,
				83420A4922567AE90065DE7F /* Starship.swift */,
				83420A4D225687470065DE7F /* Film.swift */,
			);
			path = Model;
			sourceTree = "<group>";
		};
		83A960212246EB67009EC2C5 /* Utils */ = {
			isa = PBXGroup;
			children = (
				83A960222246EB7A009EC2C5 /* Constants.swift */,
			);
			path = Utils;
			sourceTree = "<group>";
		};
		83A960242247F906009EC2C5 /* Services */ = {
			isa = PBXGroup;
			children = (
				83A960252247F925009EC2C5 /* PersonApi.swift */,
				83420A432255349D0065DE7F /* HomeworldApi.swift */,
				83420A472256655B0065DE7F /* VehiclesApi.swift */,
				83420A4B22567D380065DE7F /* StarshipsApi.swift */,
				83420A4F22568C430065DE7F /* FilmApi.swift */,
			);
			path = Services;
			sourceTree = "<group>";
		};
		ADD98FF505D533D62CA462E7 /* Frameworks */ = {
			isa = PBXGroup;
			children = (
				41EC6BDAD5B55EE2710751DC /* Pods_StarTrivia.framework */,
			);
			name = Frameworks;
			sourceTree = "<group>";
		};
/* End PBXGroup section */

/* Begin PBXNativeTarget section */
		83A95FFB2246CAB5009EC2C5 /* StarTrivia */ = {
			isa = PBXNativeTarget;
			buildConfigurationList = 83A9600E2246CAB6009EC2C5 /* Build configuration list for PBXNativeTarget "StarTrivia" */;
			buildPhases = (
				2E5859BC192291CC59FFBFE9 /* [CP] Check Pods Manifest.lock */,
				83A95FF82246CAB5009EC2C5 /* Sources */,
				83A95FF92246CAB5009EC2C5 /* Frameworks */,
				83A95FFA2246CAB5009EC2C5 /* Resources */,
				AC502F9A98CFD540957ADCEF /* [CP] Embed Pods Frameworks */,
			);
			buildRules = (
			);
			dependencies = (
			);
			name = StarTrivia;
			productName = StarTrivia;
			productReference = 83A95FFC2246CAB5009EC2C5 /* StarTrivia.app */;
			productType = "com.apple.product-type.application";
		};
/* End PBXNativeTarget section */

/* Begin PBXProject section */
		83A95FF42246CAB4009EC2C5 /* Project object */ = {
			isa = PBXProject;
			attributes = {
				LastSwiftUpdateCheck = 1010;
				LastUpgradeCheck = 1010;
				ORGANIZATIONNAME = "Danila Ferents";
				TargetAttributes = {
					83A95FFB2246CAB5009EC2C5 = {
						CreatedOnToolsVersion = 10.1;
						LastSwiftMigration = 1020;
					};
				};
			};
			buildConfigurationList = 83A95FF72246CAB5009EC2C5 /* Build configuration list for PBXProject "StarTrivia" */;
			compatibilityVersion = "Xcode 9.3";
			developmentRegion = en;
			hasScannedForEncodings = 0;
			knownRegions = (
				en,
				Base,
			);
			mainGroup = 83A95FF32246CAB4009EC2C5;
			productRefGroup = 83A95FFD2246CAB5009EC2C5 /* Products */;
			projectDirPath = "";
			projectRoot = "";
			targets = (
				83A95FFB2246CAB5009EC2C5 /* StarTrivia */,
			);
		};
/* End PBXProject section */

/* Begin PBXResourcesBuildPhase section */
		83A95FFA2246CAB5009EC2C5 /* Resources */ = {
			isa = PBXResourcesBuildPhase;
			buildActionMask = 2147483647;
			files = (
				83A9600A2246CAB6009EC2C5 /* LaunchScreen.storyboard in Resources */,
				83A960072246CAB6009EC2C5 /* Assets.xcassets in Resources */,
				83F84309224AB87400BB56DF /* Starjedi.ttf in Resources */,
				83F8430A224AB87700BB56DF /* Starjhol.ttf in Resources */,
				83F8430B224AB87A00BB56DF /* Starjout.ttf in Resources */,
				83A960052246CAB5009EC2C5 /* Main.storyboard in Resources */,
			);
			runOnlyForDeploymentPostprocessing = 0;
		};
/* End PBXResourcesBuildPhase section */

/* Begin PBXShellScriptBuildPhase section */
		2E5859BC192291CC59FFBFE9 /* [CP] Check Pods Manifest.lock */ = {
			isa = PBXShellScriptBuildPhase;
			buildActionMask = 2147483647;
			files = (
			);
			inputPaths = (
				"${PODS_PODFILE_DIR_PATH}/Podfile.lock",
				"${PODS_ROOT}/Manifest.lock",
			);
			name = "[CP] Check Pods Manifest.lock";
			outputPaths = (
				"$(DERIVED_FILE_DIR)/Pods-StarTrivia-checkManifestLockResult.txt",
			);
			runOnlyForDeploymentPostprocessing = 0;
			shellPath = /bin/sh;
			shellScript = "diff \"${PODS_PODFILE_DIR_PATH}/Podfile.lock\" \"${PODS_ROOT}/Manifest.lock\" > /dev/null\nif [ $? != 0 ] ; then\n    # print error to STDERR\n    echo \"error: The sandbox is not in sync with the Podfile.lock. Run 'pod install' or update your CocoaPods installation.\" >&2\n    exit 1\nfi\n# This output is used by Xcode 'outputs' to avoid re-running this script phase.\necho \"SUCCESS\" > \"${SCRIPT_OUTPUT_FILE_0}\"\n";
			showEnvVarsInLog = 0;
		};
		AC502F9A98CFD540957ADCEF /* [CP] Embed Pods Frameworks */ = {
			isa = PBXShellScriptBuildPhase;
			buildActionMask = 2147483647;
			files = (
			);
			inputPaths = (
				"${SRCROOT}/Pods/Target Support Files/Pods-StarTrivia/Pods-StarTrivia-frameworks.sh",
				"${BUILT_PRODUCTS_DIR}/Alamofire/Alamofire.framework",
				"${BUILT_PRODUCTS_DIR}/SwiftyJSON/SwiftyJSON.framework",
			);
			name = "[CP] Embed Pods Frameworks";
			outputPaths = (
				"${TARGET_BUILD_DIR}/${FRAMEWORKS_FOLDER_PATH}/Alamofire.framework",
				"${TARGET_BUILD_DIR}/${FRAMEWORKS_FOLDER_PATH}/SwiftyJSON.framework",
			);
			runOnlyForDeploymentPostprocessing = 0;
			shellPath = /bin/sh;
			shellScript = "\"${SRCROOT}/Pods/Target Support Files/Pods-StarTrivia/Pods-StarTrivia-frameworks.sh\"\n";
			showEnvVarsInLog = 0;
		};
/* End PBXShellScriptBuildPhase section */

/* Begin PBXSourcesBuildPhase section */
		83A95FF82246CAB5009EC2C5 /* Sources */ = {
			isa = PBXSourcesBuildPhase;
			buildActionMask = 2147483647;
			files = (
				83A9602822480851009EC2C5 /* Person.swift in Sources */,
				83420A4E225687470065DE7F /* Film.swift in Sources */,
				83A960022246CAB5009EC2C5 /* SelectPersonVC.swift in Sources */,
				83405A8E2250CF10004E28F4 /* StarshipsVC.swift in Sources */,
				83420A4C22567D380065DE7F /* StarshipsApi.swift in Sources */,
				83420A422255335C0065DE7F /* Homeworld.swift in Sources */,
				83420A4622565A220065DE7F /* Vehicle.swift in Sources */,
				83405A8C2250CEF4004E28F4 /* VehiclesVC.swift in Sources */,
				83420A442255349D0065DE7F /* HomeworldApi.swift in Sources */,
				83420A4A22567AE90065DE7F /* Starship.swift in Sources */,
				83420A5022568C430065DE7F /* FilmApi.swift in Sources */,
				83A960002246CAB5009EC2C5 /* AppDelegate.swift in Sources */,
				83420A482256655B0065DE7F /* VehiclesApi.swift in Sources */,
				83A960202246E92F009EC2C5 /* BlackBgView.swift in Sources */,
				83405A8822502AEF004E28F4 /* FadeEnabledBt.swift in Sources */,
				83A960262247F925009EC2C5 /* PersonApi.swift in Sources */,
				83405A902250CF29004E28F4 /* FilmsVC.swift in Sources */,
				83405A8A2250CECE004E28F4 /* HomeworldVC.swift in Sources */,
				83A960232246EB7A009EC2C5 /* Constants.swift in Sources */,
			);
			runOnlyForDeploymentPostprocessing = 0;
		};
/* End PBXSourcesBuildPhase section */

/* Begin PBXVariantGroup section */
		83A960032246CAB5009EC2C5 /* Main.storyboard */ = {
			isa = PBXVariantGroup;
			children = (
				83A960042246CAB5009EC2C5 /* Base */,
			);
			name = Main.storyboard;
			sourceTree = "<group>";
		};
		83A960082246CAB6009EC2C5 /* LaunchScreen.storyboard */ = {
			isa = PBXVariantGroup;
			children = (
				83A960092246CAB6009EC2C5 /* Base */,
			);
			name = LaunchScreen.storyboard;
			sourceTree = "<group>";
		};
/* End PBXVariantGroup section */

/* Begin XCBuildConfiguration section */
		83A9600C2246CAB6009EC2C5 /* Debug */ = {
			isa = XCBuildConfiguration;
			buildSettings = {
				ALWAYS_SEARCH_USER_PATHS = NO;
				CLANG_ANALYZER_NONNULL = YES;
				CLANG_ANALYZER_NUMBER_OBJECT_CONVERSION = YES_AGGRESSIVE;
				CLANG_CXX_LANGUAGE_STANDARD = "gnu++14";
				CLANG_CXX_LIBRARY = "libc++";
				CLANG_ENABLE_MODULES = YES;
				CLANG_ENABLE_OBJC_ARC = YES;
				CLANG_ENABLE_OBJC_WEAK = YES;
				CLANG_WARN_BLOCK_CAPTURE_AUTORELEASING = YES;
				CLANG_WARN_BOOL_CONVERSION = YES;
				CLANG_WARN_COMMA = YES;
				CLANG_WARN_CONSTANT_CONVERSION = YES;
				CLANG_WARN_DEPRECATED_OBJC_IMPLEMENTATIONS = YES;
				CLANG_WARN_DIRECT_OBJC_ISA_USAGE = YES_ERROR;
				CLANG_WARN_DOCUMENTATION_COMMENTS = YES;
				CLANG_WARN_EMPTY_BODY = YES;
				CLANG_WARN_ENUM_CONVERSION = YES;
				CLANG_WARN_INFINITE_RECURSION = YES;
				CLANG_WARN_INT_CONVERSION = YES;
				CLANG_WARN_NON_LITERAL_NULL_CONVERSION = YES;
				CLANG_WARN_OBJC_IMPLICIT_RETAIN_SELF = YES;
				CLANG_WARN_OBJC_LITERAL_CONVERSION = YES;
				CLANG_WARN_OBJC_ROOT_CLASS = YES_ERROR;
				CLANG_WARN_RANGE_LOOP_ANALYSIS = YES;
				CLANG_WARN_STRICT_PROTOTYPES = YES;
				CLANG_WARN_SUSPICIOUS_MOVE = YES;
				CLANG_WARN_UNGUARDED_AVAILABILITY = YES_AGGRESSIVE;
				CLANG_WARN_UNREACHABLE_CODE = YES;
				CLANG_WARN__DUPLICATE_METHOD_MATCH = YES;
				CODE_SIGN_IDENTITY = "iPhone Developer";
				COPY_PHASE_STRIP = NO;
				DEBUG_INFORMATION_FORMAT = dwarf;
				ENABLE_STRICT_OBJC_MSGSEND = YES;
				ENABLE_TESTABILITY = YES;
				GCC_C_LANGUAGE_STANDARD = gnu11;
				GCC_DYNAMIC_NO_PIC = NO;
				GCC_NO_COMMON_BLOCKS = YES;
				GCC_OPTIMIZATION_LEVEL = 0;
				GCC_PREPROCESSOR_DEFINITIONS = (
					"DEBUG=1",
					"$(inherited)",
				);
				GCC_WARN_64_TO_32_BIT_CONVERSION = YES;
				GCC_WARN_ABOUT_RETURN_TYPE = YES_ERROR;
				GCC_WARN_UNDECLARED_SELECTOR = YES;
				GCC_WARN_UNINITIALIZED_AUTOS = YES_AGGRESSIVE;
				GCC_WARN_UNUSED_FUNCTION = YES;
				GCC_WARN_UNUSED_VARIABLE = YES;
				IPHONEOS_DEPLOYMENT_TARGET = 12.1;
				MTL_ENABLE_DEBUG_INFO = INCLUDE_SOURCE;
				MTL_FAST_MATH = YES;
				ONLY_ACTIVE_ARCH = YES;
				SDKROOT = iphoneos;
				SWIFT_ACTIVE_COMPILATION_CONDITIONS = DEBUG;
				SWIFT_OPTIMIZATION_LEVEL = "-Onone";
			};
			name = Debug;
		};
		83A9600D2246CAB6009EC2C5 /* Release */ = {
			isa = XCBuildConfiguration;
			buildSettings = {
				ALWAYS_SEARCH_USER_PATHS = NO;
				CLANG_ANALYZER_NONNULL = YES;
				CLANG_ANALYZER_NUMBER_OBJECT_CONVERSION = YES_AGGRESSIVE;
				CLANG_CXX_LANGUAGE_STANDARD = "gnu++14";
				CLANG_CXX_LIBRARY = "libc++";
				CLANG_ENABLE_MODULES = YES;
				CLANG_ENABLE_OBJC_ARC = YES;
				CLANG_ENABLE_OBJC_WEAK = YES;
				CLANG_WARN_BLOCK_CAPTURE_AUTORELEASING = YES;
				CLANG_WARN_BOOL_CONVERSION = YES;
				CLANG_WARN_COMMA = YES;
				CLANG_WARN_CONSTANT_CONVERSION = YES;
				CLANG_WARN_DEPRECATED_OBJC_IMPLEMENTATIONS = YES;
				CLANG_WARN_DIRECT_OBJC_ISA_USAGE = YES_ERROR;
				CLANG_WARN_DOCUMENTATION_COMMENTS = YES;
				CLANG_WARN_EMPTY_BODY = YES;
				CLANG_WARN_ENUM_CONVERSION = YES;
				CLANG_WARN_INFINITE_RECURSION = YES;
				CLANG_WARN_INT_CONVERSION = YES;
				CLANG_WARN_NON_LITERAL_NULL_CONVERSION = YES;
				CLANG_WARN_OBJC_IMPLICIT_RETAIN_SELF = YES;
				CLANG_WARN_OBJC_LITERAL_CONVERSION = YES;
				CLANG_WARN_OBJC_ROOT_CLASS = YES_ERROR;
				CLANG_WARN_RANGE_LOOP_ANALYSIS = YES;
				CLANG_WARN_STRICT_PROTOTYPES = YES;
				CLANG_WARN_SUSPICIOUS_MOVE = YES;
				CLANG_WARN_UNGUARDED_AVAILABILITY = YES_AGGRESSIVE;
				CLANG_WARN_UNREACHABLE_CODE = YES;
				CLANG_WARN__DUPLICATE_METHOD_MATCH = YES;
				CODE_SIGN_IDENTITY = "iPhone Developer";
				COPY_PHASE_STRIP = NO;
				DEBUG_INFORMATION_FORMAT = "dwarf-with-dsym";
				ENABLE_NS_ASSERTIONS = NO;
				ENABLE_STRICT_OBJC_MSGSEND = YES;
				GCC_C_LANGUAGE_STANDARD = gnu11;
				GCC_NO_COMMON_BLOCKS = YES;
				GCC_WARN_64_TO_32_BIT_CONVERSION = YES;
				GCC_WARN_ABOUT_RETURN_TYPE = YES_ERROR;
				GCC_WARN_UNDECLARED_SELECTOR = YES;
				GCC_WARN_UNINITIALIZED_AUTOS = YES_AGGRESSIVE;
				GCC_WARN_UNUSED_FUNCTION = YES;
				GCC_WARN_UNUSED_VARIABLE = YES;
				IPHONEOS_DEPLOYMENT_TARGET = 12.1;
				MTL_ENABLE_DEBUG_INFO = NO;
				MTL_FAST_MATH = YES;
				SDKROOT = iphoneos;
				SWIFT_COMPILATION_MODE = wholemodule;
				SWIFT_OPTIMIZATION_LEVEL = "-O";
				VALIDATE_PRODUCT = YES;
			};
			name = Release;
		};
		83A9600F2246CAB6009EC2C5 /* Debug */ = {
			isa = XCBuildConfiguration;
			baseConfigurationReference = 0BC36DC8184A5B605021C710 /* Pods-StarTrivia.debug.xcconfig */;
			buildSettings = {
				ASSETCATALOG_COMPILER_APPICON_NAME = AppIcon;
				CODE_SIGN_STYLE = Automatic;
				DEVELOPMENT_TEAM = 384TS3V9HP;
				INFOPLIST_FILE = StarTrivia/Info.plist;
				LD_RUNPATH_SEARCH_PATHS = (
					"$(inherited)",
					"@executable_path/Frameworks",
				);
				PRODUCT_BUNDLE_IDENTIFIER = dan.StarTrivia;
				PRODUCT_NAME = "$(TARGET_NAME)";
				SWIFT_VERSION = 5.0;
				TARGETED_DEVICE_FAMILY = "1,2";
			};
			name = Debug;
		};
		83A960102246CAB6009EC2C5 /* Release */ = {
			isa = XCBuildConfiguration;
			baseConfigurationReference = DAB102096CFE1B240B1A4A3E /* Pods-StarTrivia.release.xcconfig */;
			buildSettings = {
				ASSETCATALOG_COMPILER_APPICON_NAME = AppIcon;
				CODE_SIGN_STYLE = Automatic;
				DEVELOPMENT_TEAM = 384TS3V9HP;
				INFOPLIST_FILE = StarTrivia/Info.plist;
				LD_RUNPATH_SEARCH_PATHS = (
					"$(inherited)",
					"@executable_path/Frameworks",
				);
				PRODUCT_BUNDLE_IDENTIFIER = dan.StarTrivia;
				PRODUCT_NAME = "$(TARGET_NAME)";
				SWIFT_VERSION = 5.0;
				TARGETED_DEVICE_FAMILY = "1,2";
			};
			name = Release;
		};
/* End XCBuildConfiguration section */

/* Begin XCConfigurationList section */
		83A95FF72246CAB5009EC2C5 /* Build configuration list for PBXProject "StarTrivia" */ = {
			isa = XCConfigurationList;
			buildConfigurations = (
				83A9600C2246CAB6009EC2C5 /* Debug */,
				83A9600D2246CAB6009EC2C5 /* Release */,
			);
			defaultConfigurationIsVisible = 0;
			defaultConfigurationName = Release;
		};
		83A9600E2246CAB6009EC2C5 /* Build configuration list for PBXNativeTarget "StarTrivia" */ = {
			isa = XCConfigurationList;
			buildConfigurations = (
				83A9600F2246CAB6009EC2C5 /* Debug */,
				83A960102246CAB6009EC2C5 /* Release */,
			);
			defaultConfigurationIsVisible = 0;
			defaultConfigurationName = Release;
		};
/* End XCConfigurationList section */
	};
	rootObject = 83A95FF42246CAB4009EC2C5 /* Project object */;
}
